
Microsoft Visual Studio Solution File, Format Version 12.00
# Visual Studio Version 17
VisualStudioVersion = 17.10.35122.118
MinimumVisualStudioVersion = 10.0.40219.1
Project("{FAE04EC0-301F-11D3-BF4B-00C04F79EFBC}") = "Inventory.Api", "Inventory.Api.csproj", "{893007F0-5386-467E-A998-3A38A3EC4A81}"
EndProject
Project("{FAE04EC0-301F-11D3-BF4B-00C04F79EFBC}") = "Inventory.Models", "..\Inventory.Models\Inventory.Models.csproj", "{EB59A8F9-C6F3-4429-801A-06154A846E96}"
EndProject
Project("{FAE04EC0-301F-11D3-BF4B-00C04F79EFBC}") = "Inventory.Data", "..\Inventory.Data\Inventory.Data.csproj", "{E0C7CF71-4F92-42B4-9E9C-7C6F6C1312C3}"
EndProject
Global
	GlobalSection(SolutionConfigurationPlatforms) = preSolution
		Debug|Any CPU = Debug|Any CPU
		Release|Any CPU = Release|Any CPU
	EndGlobalSection
	GlobalSection(ProjectConfigurationPlatforms) = postSolution
		{893007F0-5386-467E-A998-3A38A3EC4A81}.Debug|Any CPU.ActiveCfg = Debug|Any CPU
		{893007F0-5386-467E-A998-3A38A3EC4A81}.Debug|Any CPU.Build.0 = Debug|Any CPU
		{893007F0-5386-467E-A998-3A38A3EC4A81}.Release|Any CPU.ActiveCfg = Release|Any CPU
		{893007F0-5386-467E-A998-3A38A3EC4A81}.Release|Any CPU.Build.0 = Release|Any CPU
		{EB59A8F9-C6F3-4429-801A-06154A846E96}.Debug|Any CPU.ActiveCfg = Debug|Any CPU
		{EB59A8F9-C6F3-4429-801A-06154A846E96}.Debug|Any CPU.Build.0 = Debug|Any CPU
		{EB59A8F9-C6F3-4429-801A-06154A846E96}.Release|Any CPU.ActiveCfg = Release|Any CPU
		{EB59A8F9-C6F3-4429-801A-06154A846E96}.Release|Any CPU.Build.0 = Release|Any CPU
		{E0C7CF71-4F92-42B4-9E9C-7C6F6C1312C3}.Debug|Any CPU.ActiveCfg = Debug|Any CPU
		{E0C7CF71-4F92-42B4-9E9C-7C6F6C1312C3}.Debug|Any CPU.Build.0 = Debug|Any CPU
		{E0C7CF71-4F92-42B4-9E9C-7C6F6C1312C3}.Release|Any CPU.ActiveCfg = Release|Any CPU
		{E0C7CF71-4F92-42B4-9E9C-7C6F6C1312C3}.Release|Any CPU.Build.0 = Release|Any CPU
	EndGlobalSection
	GlobalSection(SolutionProperties) = preSolution
		HideSolutionNode = FALSE
	EndGlobalSection
	GlobalSection(ExtensibilityGlobals) = postSolution
		SolutionGuid = {2A2E080A-557F-4706-AC48-69DF6D03148D}
	EndGlobalSection
EndGlobal
